
Microsoft Visual Studio Solution File, Format Version 12.00
# Visual Studio 14
VisualStudioVersion = 14.0.24720.0
MinimumVisualStudioVersion = 10.0.40219.1
Project("{FAE04EC0-301F-11D3-BF4B-00C04F79EFBC}") = "Jira.NET", "Jira.NET\Jira.NET.csproj", "{B88E0D05-02FB-4BE2-B706-A8BF82B67401}"
EndProject
Global
	GlobalSection(SolutionConfigurationPlatforms) = preSolution
		Debug|Any CPU = Debug|Any CPU
		Release|Any CPU = Release|Any CPU
	EndGlobalSection
	GlobalSection(ProjectConfigurationPlatforms) = postSolution
		{B88E0D05-02FB-4BE2-B706-A8BF82B67401}.Debug|Any CPU.ActiveCfg = Debug|Any CPU
		{B88E0D05-02FB-4BE2-B706-A8BF82B67401}.Debug|Any CPU.Build.0 = Debug|Any CPU
		{B88E0D05-02FB-4BE2-B706-A8BF82B67401}.Release|Any CPU.ActiveCfg = Release|Any CPU
		{B88E0D05-02FB-4BE2-B706-A8BF82B67401}.Release|Any CPU.Build.0 = Release|Any CPU
	EndGlobalSection
	GlobalSection(SolutionProperties) = preSolution
		HideSolutionNode = FALSE
	EndGlobalSection
EndGlobal
